
Microsoft Visual Studio Solution File, Format Version 12.00
# Visual Studio Version 16
VisualStudioVersion = 16.0.31205.134
MinimumVisualStudioVersion = 10.0.40219.1
Project("{FAE04EC0-301F-11D3-BF4B-00C04F79EFBC}") = "DatalogiLektion1", "DatalogiLektion1\DatalogiLektion1.csproj", "{27F5DBEB-05CF-4C15-B90F-E55145786421}"
EndProject
Project("{FAE04EC0-301F-11D3-BF4B-00C04F79EFBC}") = "PrimeNrTest", "PrimeNrTest\PrimeNrTest.csproj", "{4694BA4B-62E7-4A85-87F5-21638E88C8C9}"
EndProject
Global
	GlobalSection(SolutionConfigurationPlatforms) = preSolution
		Debug|Any CPU = Debug|Any CPU
		Release|Any CPU = Release|Any CPU
	EndGlobalSection
	GlobalSection(ProjectConfigurationPlatforms) = postSolution
		{27F5DBEB-05CF-4C15-B90F-E55145786421}.Debug|Any CPU.ActiveCfg = Debug|Any CPU
		{27F5DBEB-05CF-4C15-B90F-E55145786421}.Debug|Any CPU.Build.0 = Debug|Any CPU
		{27F5DBEB-05CF-4C15-B90F-E55145786421}.Release|Any CPU.ActiveCfg = Release|Any CPU
		{27F5DBEB-05CF-4C15-B90F-E55145786421}.Release|Any CPU.Build.0 = Release|Any CPU
		{4694BA4B-62E7-4A85-87F5-21638E88C8C9}.Debug|Any CPU.ActiveCfg = Debug|Any CPU
		{4694BA4B-62E7-4A85-87F5-21638E88C8C9}.Debug|Any CPU.Build.0 = Debug|Any CPU
		{4694BA4B-62E7-4A85-87F5-21638E88C8C9}.Release|Any CPU.ActiveCfg = Release|Any CPU
		{4694BA4B-62E7-4A85-87F5-21638E88C8C9}.Release|Any CPU.Build.0 = Release|Any CPU
	EndGlobalSection
	GlobalSection(SolutionProperties) = preSolution
		HideSolutionNode = FALSE
	EndGlobalSection
	GlobalSection(ExtensibilityGlobals) = postSolution
		SolutionGuid = {35B68872-802B-4F10-8348-8640E2EDC66A}
	EndGlobalSection
EndGlobal
